
Microsoft Visual Studio Solution File, Format Version 11.00
# Visual Studio 2010
Project("{E24C65DC-7377-472B-9ABA-BC803B73C61A}") = "ImageBoard", "ImageBoard\", "{56966EB5-7E68-4D65-AA10-CADDC17AFC3E}"
	ProjectSection(WebsiteProperties) = preProject
		SccProjectName = ""
		SccAuxPath = ""
		SccLocalPath = ""
		SccProvider = ""
		TargetFrameworkMoniker = ".NETFramework,Version%3Dv4.0"
		ProjectReferences = "{BA785575-4759-4FE5-B621-FF5DAAEBEF6F}|WakabaMarkLibrary.dll;{03D1C790-162A-4AC0-B33B-634B263C0A63}|WebControlCaptcha.dll;{B5361BCD-989D-431F-98F1-3497CD13E4DF}|WebImageBoardControls.dll;{BF7B2FB7-1CE2-409E-9F32-842EBFAC3A6C}|BoardDataBase.dll;{BEECB6B2-FD9D-45F4-A340-0747A87D002F}|SQLiteProvider.dll;"
		Debug.AspNetCompiler.VirtualPath = "/ImageBoard"
		Debug.AspNetCompiler.PhysicalPath = "ImageBoard\"
		Debug.AspNetCompiler.TargetPath = "PrecompiledWeb\ImageBoard\"
		Debug.AspNetCompiler.Updateable = "false"
		Debug.AspNetCompiler.ForceOverwrite = "true"
		Debug.AspNetCompiler.FixedNames = "true"
		Debug.AspNetCompiler.Debug = "True"
		Release.AspNetCompiler.VirtualPath = "/ImageBoard"
		Release.AspNetCompiler.PhysicalPath = "ImageBoard\"
		Release.AspNetCompiler.TargetPath = "PrecompiledWeb\ImageBoard\"
		Release.AspNetCompiler.Updateable = "false"
		Release.AspNetCompiler.ForceOverwrite = "true"
		Release.AspNetCompiler.FixedNames = "true"
		Release.AspNetCompiler.Debug = "False"
		VWDPort = "1476"
	EndProjectSection
	ProjectSection(SvnOrigin) = preProject
		@Keys = Enlist,Svn.Uri
		Enlist = Required
		Svn.Uri = ../
	EndProjectSection
EndProject
Project("{F184B08F-C81C-45F6-A57F-5ABD9991F28F}") = "WakabaMarkLibrary", "WakabaMarkLibrary\WakabaMarkLibrary.vbproj", "{BA785575-4759-4FE5-B621-FF5DAAEBEF6F}"
EndProject
Project("{F184B08F-C81C-45F6-A57F-5ABD9991F28F}") = "WebControlCaptcha", "WebControlCartcha\WebControlCaptcha.vbproj", "{03D1C790-162A-4AC0-B33B-634B263C0A63}"
EndProject
Project("{F184B08F-C81C-45F6-A57F-5ABD9991F28F}") = "ImageBoardWebControls", "WebControlAnswer\ImageBoardWebControls.vbproj", "{B5361BCD-989D-431F-98F1-3497CD13E4DF}"
EndProject
Project("{F184B08F-C81C-45F6-A57F-5ABD9991F28F}") = "ImageboardDataBase", "ImageboardDataBase\ImageboardDataBase.vbproj", "{BF7B2FB7-1CE2-409E-9F32-842EBFAC3A6C}"
EndProject
Project("{F184B08F-C81C-45F6-A57F-5ABD9991F28F}") = "SQLiteProvider", "SQLiteProvider\SQLiteProvider.vbproj", "{BEECB6B2-FD9D-45F4-A340-0747A87D002F}"
EndProject
Global
	GlobalSection(SolutionConfigurationPlatforms) = preSolution
		Debug|.NET = Debug|.NET
		Debug|Any CPU = Debug|Any CPU
		Debug|Mixed Platforms = Debug|Mixed Platforms
		Debug|Win32 = Debug|Win32
		Debug|x86 = Debug|x86
		DebugNativeOnly|.NET = DebugNativeOnly|.NET
		DebugNativeOnly|Any CPU = DebugNativeOnly|Any CPU
		DebugNativeOnly|Mixed Platforms = DebugNativeOnly|Mixed Platforms
		DebugNativeOnly|Win32 = DebugNativeOnly|Win32
		DebugNativeOnly|x86 = DebugNativeOnly|x86
		Release|.NET = Release|.NET
		Release|Any CPU = Release|Any CPU
		Release|Mixed Platforms = Release|Mixed Platforms
		Release|Win32 = Release|Win32
		Release|x86 = Release|x86
		ReleaseNativeOnly|.NET = ReleaseNativeOnly|.NET
		ReleaseNativeOnly|Any CPU = ReleaseNativeOnly|Any CPU
		ReleaseNativeOnly|Mixed Platforms = ReleaseNativeOnly|Mixed Platforms
		ReleaseNativeOnly|Win32 = ReleaseNativeOnly|Win32
		ReleaseNativeOnly|x86 = ReleaseNativeOnly|x86
	EndGlobalSection
	GlobalSection(ProjectConfigurationPlatforms) = postSolution
		{56966EB5-7E68-4D65-AA10-CADDC17AFC3E}.Debug|.NET.ActiveCfg = Debug|.NET
		{56966EB5-7E68-4D65-AA10-CADDC17AFC3E}.Debug|.NET.Build.0 = Debug|.NET
		{56966EB5-7E68-4D65-AA10-CADDC17AFC3E}.Debug|Any CPU.ActiveCfg = Debug|.NET
		{56966EB5-7E68-4D65-AA10-CADDC17AFC3E}.Debug|Mixed Platforms.ActiveCfg = Debug|.NET
		{56966EB5-7E68-4D65-AA10-CADDC17AFC3E}.Debug|Mixed Platforms.Build.0 = Debug|.NET
		{56966EB5-7E68-4D65-AA10-CADDC17AFC3E}.Debug|Win32.ActiveCfg = Debug|.NET
		{56966EB5-7E68-4D65-AA10-CADDC17AFC3E}.Debug|x86.ActiveCfg = Debug|.NET
		{56966EB5-7E68-4D65-AA10-CADDC17AFC3E}.DebugNativeOnly|.NET.ActiveCfg = Debug|.NET
		{56966EB5-7E68-4D65-AA10-CADDC17AFC3E}.DebugNativeOnly|.NET.Build.0 = Debug|.NET
		{56966EB5-7E68-4D65-AA10-CADDC17AFC3E}.DebugNativeOnly|Any CPU.ActiveCfg = Debug|.NET
		{56966EB5-7E68-4D65-AA10-CADDC17AFC3E}.DebugNativeOnly|Mixed Platforms.ActiveCfg = Debug|.NET
		{56966EB5-7E68-4D65-AA10-CADDC17AFC3E}.DebugNativeOnly|Mixed Platforms.Build.0 = Debug|.NET
		{56966EB5-7E68-4D65-AA10-CADDC17AFC3E}.DebugNativeOnly|Win32.ActiveCfg = Debug|.NET
		{56966EB5-7E68-4D65-AA10-CADDC17AFC3E}.DebugNativeOnly|x86.ActiveCfg = Debug|.NET
		{56966EB5-7E68-4D65-AA10-CADDC17AFC3E}.Release|.NET.ActiveCfg = Debug|.NET
		{56966EB5-7E68-4D65-AA10-CADDC17AFC3E}.Release|.NET.Build.0 = Debug|.NET
		{56966EB5-7E68-4D65-AA10-CADDC17AFC3E}.Release|Any CPU.ActiveCfg = Debug|.NET
		{56966EB5-7E68-4D65-AA10-CADDC17AFC3E}.Release|Mixed Platforms.ActiveCfg = Debug|.NET
		{56966EB5-7E68-4D65-AA10-CADDC17AFC3E}.Release|Mixed Platforms.Build.0 = Debug|.NET
		{56966EB5-7E68-4D65-AA10-CADDC17AFC3E}.Release|Win32.ActiveCfg = Debug|.NET
		{56966EB5-7E68-4D65-AA10-CADDC17AFC3E}.Release|x86.ActiveCfg = Debug|.NET
		{56966EB5-7E68-4D65-AA10-CADDC17AFC3E}.ReleaseNativeOnly|.NET.ActiveCfg = Debug|.NET
		{56966EB5-7E68-4D65-AA10-CADDC17AFC3E}.ReleaseNativeOnly|.NET.Build.0 = Debug|.NET
		{56966EB5-7E68-4D65-AA10-CADDC17AFC3E}.ReleaseNativeOnly|Any CPU.ActiveCfg = Debug|.NET
		{56966EB5-7E68-4D65-AA10-CADDC17AFC3E}.ReleaseNativeOnly|Mixed Platforms.ActiveCfg = Debug|.NET
		{56966EB5-7E68-4D65-AA10-CADDC17AFC3E}.ReleaseNativeOnly|Mixed Platforms.Build.0 = Debug|.NET
		{56966EB5-7E68-4D65-AA10-CADDC17AFC3E}.ReleaseNativeOnly|Win32.ActiveCfg = Debug|.NET
		{56966EB5-7E68-4D65-AA10-CADDC17AFC3E}.ReleaseNativeOnly|x86.ActiveCfg = Debug|.NET
		{BA785575-4759-4FE5-B621-FF5DAAEBEF6F}.Debug|.NET.ActiveCfg = Debug|Any CPU
		{BA785575-4759-4FE5-B621-FF5DAAEBEF6F}.Debug|Any CPU.ActiveCfg = Debug|Any CPU
		{BA785575-4759-4FE5-B621-FF5DAAEBEF6F}.Debug|Any CPU.Build.0 = Debug|Any CPU
		{BA785575-4759-4FE5-B621-FF5DAAEBEF6F}.Debug|Mixed Platforms.ActiveCfg = Debug|Any CPU
		{BA785575-4759-4FE5-B621-FF5DAAEBEF6F}.Debug|Mixed Platforms.Build.0 = Debug|Any CPU
		{BA785575-4759-4FE5-B621-FF5DAAEBEF6F}.Debug|Win32.ActiveCfg = Debug|Any CPU
		{BA785575-4759-4FE5-B621-FF5DAAEBEF6F}.Debug|x86.ActiveCfg = Debug|Any CPU
		{BA785575-4759-4FE5-B621-FF5DAAEBEF6F}.DebugNativeOnly|.NET.ActiveCfg = Debug|Any CPU
		{BA785575-4759-4FE5-B621-FF5DAAEBEF6F}.DebugNativeOnly|Any CPU.ActiveCfg = Debug|Any CPU
		{BA785575-4759-4FE5-B621-FF5DAAEBEF6F}.DebugNativeOnly|Any CPU.Build.0 = Debug|Any CPU
		{BA785575-4759-4FE5-B621-FF5DAAEBEF6F}.DebugNativeOnly|Mixed Platforms.ActiveCfg = Debug|Any CPU
		{BA785575-4759-4FE5-B621-FF5DAAEBEF6F}.DebugNativeOnly|Mixed Platforms.Build.0 = Debug|Any CPU
		{BA785575-4759-4FE5-B621-FF5DAAEBEF6F}.DebugNativeOnly|Win32.ActiveCfg = Debug|Any CPU
		{BA785575-4759-4FE5-B621-FF5DAAEBEF6F}.DebugNativeOnly|x86.ActiveCfg = Debug|Any CPU
		{BA785575-4759-4FE5-B621-FF5DAAEBEF6F}.Release|.NET.ActiveCfg = Release|Any CPU
		{BA785575-4759-4FE5-B621-FF5DAAEBEF6F}.Release|Any CPU.ActiveCfg = Release|Any CPU
		{BA785575-4759-4FE5-B621-FF5DAAEBEF6F}.Release|Any CPU.Build.0 = Release|Any CPU
		{BA785575-4759-4FE5-B621-FF5DAAEBEF6F}.Release|Mixed Platforms.ActiveCfg = Release|Any CPU
		{BA785575-4759-4FE5-B621-FF5DAAEBEF6F}.Release|Mixed Platforms.Build.0 = Release|Any CPU
		{BA785575-4759-4FE5-B621-FF5DAAEBEF6F}.Release|Win32.ActiveCfg = Release|Any CPU
		{BA785575-4759-4FE5-B621-FF5DAAEBEF6F}.Release|x86.ActiveCfg = Release|Any CPU
		{BA785575-4759-4FE5-B621-FF5DAAEBEF6F}.ReleaseNativeOnly|.NET.ActiveCfg = Release|Any CPU
		{BA785575-4759-4FE5-B621-FF5DAAEBEF6F}.ReleaseNativeOnly|Any CPU.ActiveCfg = Release|Any CPU
		{BA785575-4759-4FE5-B621-FF5DAAEBEF6F}.ReleaseNativeOnly|Any CPU.Build.0 = Release|Any CPU
		{BA785575-4759-4FE5-B621-FF5DAAEBEF6F}.ReleaseNativeOnly|Mixed Platforms.ActiveCfg = Release|Any CPU
		{BA785575-4759-4FE5-B621-FF5DAAEBEF6F}.ReleaseNativeOnly|Mixed Platforms.Build.0 = Release|Any CPU
		{BA785575-4759-4FE5-B621-FF5DAAEBEF6F}.ReleaseNativeOnly|Win32.ActiveCfg = Release|Any CPU
		{BA785575-4759-4FE5-B621-FF5DAAEBEF6F}.ReleaseNativeOnly|x86.ActiveCfg = Release|Any CPU
		{03D1C790-162A-4AC0-B33B-634B263C0A63}.Debug|.NET.ActiveCfg = Debug|Any CPU
		{03D1C790-162A-4AC0-B33B-634B263C0A63}.Debug|Any CPU.ActiveCfg = Debug|Any CPU
		{03D1C790-162A-4AC0-B33B-634B263C0A63}.Debug|Any CPU.Build.0 = Debug|Any CPU
		{03D1C790-162A-4AC0-B33B-634B263C0A63}.Debug|Mixed Platforms.ActiveCfg = Debug|Any CPU
		{03D1C790-162A-4AC0-B33B-634B263C0A63}.Debug|Mixed Platforms.Build.0 = Debug|Any CPU
		{03D1C790-162A-4AC0-B33B-634B263C0A63}.Debug|Win32.ActiveCfg = Debug|Any CPU
		{03D1C790-162A-4AC0-B33B-634B263C0A63}.Debug|x86.ActiveCfg = Debug|Any CPU
		{03D1C790-162A-4AC0-B33B-634B263C0A63}.DebugNativeOnly|.NET.ActiveCfg = Debug|Any CPU
		{03D1C790-162A-4AC0-B33B-634B263C0A63}.DebugNativeOnly|Any CPU.ActiveCfg = Debug|Any CPU
		{03D1C790-162A-4AC0-B33B-634B263C0A63}.DebugNativeOnly|Any CPU.Build.0 = Debug|Any CPU
		{03D1C790-162A-4AC0-B33B-634B263C0A63}.DebugNativeOnly|Mixed Platforms.ActiveCfg = Debug|Any CPU
		{03D1C790-162A-4AC0-B33B-634B263C0A63}.DebugNativeOnly|Mixed Platforms.Build.0 = Debug|Any CPU
		{03D1C790-162A-4AC0-B33B-634B263C0A63}.DebugNativeOnly|Win32.ActiveCfg = Debug|Any CPU
		{03D1C790-162A-4AC0-B33B-634B263C0A63}.DebugNativeOnly|x86.ActiveCfg = Debug|Any CPU
		{03D1C790-162A-4AC0-B33B-634B263C0A63}.Release|.NET.ActiveCfg = Release|Any CPU
		{03D1C790-162A-4AC0-B33B-634B263C0A63}.Release|Any CPU.ActiveCfg = Release|Any CPU
		{03D1C790-162A-4AC0-B33B-634B263C0A63}.Release|Any CPU.Build.0 = Release|Any CPU
		{03D1C790-162A-4AC0-B33B-634B263C0A63}.Release|Mixed Platforms.ActiveCfg = Release|Any CPU
		{03D1C790-162A-4AC0-B33B-634B263C0A63}.Release|Mixed Platforms.Build.0 = Release|Any CPU
		{03D1C790-162A-4AC0-B33B-634B263C0A63}.Release|Win32.ActiveCfg = Release|Any CPU
		{03D1C790-162A-4AC0-B33B-634B263C0A63}.Release|x86.ActiveCfg = Release|Any CPU
		{03D1C790-162A-4AC0-B33B-634B263C0A63}.ReleaseNativeOnly|.NET.ActiveCfg = Release|Any CPU
		{03D1C790-162A-4AC0-B33B-634B263C0A63}.ReleaseNativeOnly|Any CPU.ActiveCfg = Release|Any CPU
		{03D1C790-162A-4AC0-B33B-634B263C0A63}.ReleaseNativeOnly|Any CPU.Build.0 = Release|Any CPU
		{03D1C790-162A-4AC0-B33B-634B263C0A63}.ReleaseNativeOnly|Mixed Platforms.ActiveCfg = Release|Any CPU
		{03D1C790-162A-4AC0-B33B-634B263C0A63}.ReleaseNativeOnly|Mixed Platforms.Build.0 = Release|Any CPU
		{03D1C790-162A-4AC0-B33B-634B263C0A63}.ReleaseNativeOnly|Win32.ActiveCfg = Release|Any CPU
		{03D1C790-162A-4AC0-B33B-634B263C0A63}.ReleaseNativeOnly|x86.ActiveCfg = Release|Any CPU
		{B5361BCD-989D-431F-98F1-3497CD13E4DF}.Debug|.NET.ActiveCfg = Debug|Any CPU
		{B5361BCD-989D-431F-98F1-3497CD13E4DF}.Debug|Any CPU.ActiveCfg = Debug|Any CPU
		{B5361BCD-989D-431F-98F1-3497CD13E4DF}.Debug|Any CPU.Build.0 = Debug|Any CPU
		{B5361BCD-989D-431F-98F1-3497CD13E4DF}.Debug|Mixed Platforms.ActiveCfg = Debug|Any CPU
		{B5361BCD-989D-431F-98F1-3497CD13E4DF}.Debug|Mixed Platforms.Build.0 = Debug|Any CPU
		{B5361BCD-989D-431F-98F1-3497CD13E4DF}.Debug|Win32.ActiveCfg = Debug|Any CPU
		{B5361BCD-989D-431F-98F1-3497CD13E4DF}.Debug|x86.ActiveCfg = Debug|Any CPU
		{B5361BCD-989D-431F-98F1-3497CD13E4DF}.DebugNativeOnly|.NET.ActiveCfg = Debug|Any CPU
		{B5361BCD-989D-431F-98F1-3497CD13E4DF}.DebugNativeOnly|Any CPU.ActiveCfg = Debug|Any CPU
		{B5361BCD-989D-431F-98F1-3497CD13E4DF}.DebugNativeOnly|Any CPU.Build.0 = Debug|Any CPU
		{B5361BCD-989D-431F-98F1-3497CD13E4DF}.DebugNativeOnly|Mixed Platforms.ActiveCfg = Debug|Any CPU
		{B5361BCD-989D-431F-98F1-3497CD13E4DF}.DebugNativeOnly|Mixed Platforms.Build.0 = Debug|Any CPU
		{B5361BCD-989D-431F-98F1-3497CD13E4DF}.DebugNativeOnly|Win32.ActiveCfg = Debug|Any CPU
		{B5361BCD-989D-431F-98F1-3497CD13E4DF}.DebugNativeOnly|x86.ActiveCfg = Debug|Any CPU
		{B5361BCD-989D-431F-98F1-3497CD13E4DF}.Release|.NET.ActiveCfg = Release|Any CPU
		{B5361BCD-989D-431F-98F1-3497CD13E4DF}.Release|Any CPU.ActiveCfg = Release|Any CPU
		{B5361BCD-989D-431F-98F1-3497CD13E4DF}.Release|Any CPU.Build.0 = Release|Any CPU
		{B5361BCD-989D-431F-98F1-3497CD13E4DF}.Release|Mixed Platforms.ActiveCfg = Release|Any CPU
		{B5361BCD-989D-431F-98F1-3497CD13E4DF}.Release|Mixed Platforms.Build.0 = Release|Any CPU
		{B5361BCD-989D-431F-98F1-3497CD13E4DF}.Release|Win32.ActiveCfg = Release|Any CPU
		{B5361BCD-989D-431F-98F1-3497CD13E4DF}.Release|x86.ActiveCfg = Release|Any CPU
		{B5361BCD-989D-431F-98F1-3497CD13E4DF}.ReleaseNativeOnly|.NET.ActiveCfg = Release|Any CPU
		{B5361BCD-989D-431F-98F1-3497CD13E4DF}.ReleaseNativeOnly|Any CPU.ActiveCfg = Release|Any CPU
		{B5361BCD-989D-431F-98F1-3497CD13E4DF}.ReleaseNativeOnly|Any CPU.Build.0 = Release|Any CPU
		{B5361BCD-989D-431F-98F1-3497CD13E4DF}.ReleaseNativeOnly|Mixed Platforms.ActiveCfg = Release|Any CPU
		{B5361BCD-989D-431F-98F1-3497CD13E4DF}.ReleaseNativeOnly|Mixed Platforms.Build.0 = Release|Any CPU
		{B5361BCD-989D-431F-98F1-3497CD13E4DF}.ReleaseNativeOnly|Win32.ActiveCfg = Release|Any CPU
		{B5361BCD-989D-431F-98F1-3497CD13E4DF}.ReleaseNativeOnly|x86.ActiveCfg = Release|Any CPU
		{BF7B2FB7-1CE2-409E-9F32-842EBFAC3A6C}.Debug|.NET.ActiveCfg = Debug|Any CPU
		{BF7B2FB7-1CE2-409E-9F32-842EBFAC3A6C}.Debug|Any CPU.ActiveCfg = Debug|Any CPU
		{BF7B2FB7-1CE2-409E-9F32-842EBFAC3A6C}.Debug|Any CPU.Build.0 = Debug|Any CPU
		{BF7B2FB7-1CE2-409E-9F32-842EBFAC3A6C}.Debug|Mixed Platforms.ActiveCfg = Debug|Any CPU
		{BF7B2FB7-1CE2-409E-9F32-842EBFAC3A6C}.Debug|Mixed Platforms.Build.0 = Debug|Any CPU
		{BF7B2FB7-1CE2-409E-9F32-842EBFAC3A6C}.Debug|Win32.ActiveCfg = Debug|Any CPU
		{BF7B2FB7-1CE2-409E-9F32-842EBFAC3A6C}.Debug|x86.ActiveCfg = Debug|Any CPU
		{BF7B2FB7-1CE2-409E-9F32-842EBFAC3A6C}.DebugNativeOnly|.NET.ActiveCfg = Debug|Any CPU
		{BF7B2FB7-1CE2-409E-9F32-842EBFAC3A6C}.DebugNativeOnly|Any CPU.ActiveCfg = Debug|Any CPU
		{BF7B2FB7-1CE2-409E-9F32-842EBFAC3A6C}.DebugNativeOnly|Any CPU.Build.0 = Debug|Any CPU
		{BF7B2FB7-1CE2-409E-9F32-842EBFAC3A6C}.DebugNativeOnly|Mixed Platforms.ActiveCfg = Debug|Any CPU
		{BF7B2FB7-1CE2-409E-9F32-842EBFAC3A6C}.DebugNativeOnly|Mixed Platforms.Build.0 = Debug|Any CPU
		{BF7B2FB7-1CE2-409E-9F32-842EBFAC3A6C}.DebugNativeOnly|Win32.ActiveCfg = Debug|Any CPU
		{BF7B2FB7-1CE2-409E-9F32-842EBFAC3A6C}.DebugNativeOnly|x86.ActiveCfg = Debug|Any CPU
		{BF7B2FB7-1CE2-409E-9F32-842EBFAC3A6C}.Release|.NET.ActiveCfg = Release|Any CPU
		{BF7B2FB7-1CE2-409E-9F32-842EBFAC3A6C}.Release|Any CPU.ActiveCfg = Release|Any CPU
		{BF7B2FB7-1CE2-409E-9F32-842EBFAC3A6C}.Release|Any CPU.Build.0 = Release|Any CPU
		{BF7B2FB7-1CE2-409E-9F32-842EBFAC3A6C}.Release|Mixed Platforms.ActiveCfg = Release|Any CPU
		{BF7B2FB7-1CE2-409E-9F32-842EBFAC3A6C}.Release|Mixed Platforms.Build.0 = Release|Any CPU
		{BF7B2FB7-1CE2-409E-9F32-842EBFAC3A6C}.Release|Win32.ActiveCfg = Release|Any CPU
		{BF7B2FB7-1CE2-409E-9F32-842EBFAC3A6C}.Release|x86.ActiveCfg = Release|Any CPU
		{BF7B2FB7-1CE2-409E-9F32-842EBFAC3A6C}.ReleaseNativeOnly|.NET.ActiveCfg = Release|Any CPU
		{BF7B2FB7-1CE2-409E-9F32-842EBFAC3A6C}.ReleaseNativeOnly|Any CPU.ActiveCfg = Release|Any CPU
		{BF7B2FB7-1CE2-409E-9F32-842EBFAC3A6C}.ReleaseNativeOnly|Any CPU.Build.0 = Release|Any CPU
		{BF7B2FB7-1CE2-409E-9F32-842EBFAC3A6C}.ReleaseNativeOnly|Mixed Platforms.ActiveCfg = Release|Any CPU
		{BF7B2FB7-1CE2-409E-9F32-842EBFAC3A6C}.ReleaseNativeOnly|Mixed Platforms.Build.0 = Release|Any CPU
		{BF7B2FB7-1CE2-409E-9F32-842EBFAC3A6C}.ReleaseNativeOnly|Win32.ActiveCfg = Release|Any CPU
		{BF7B2FB7-1CE2-409E-9F32-842EBFAC3A6C}.ReleaseNativeOnly|x86.ActiveCfg = Release|Any CPU
		{BEECB6B2-FD9D-45F4-A340-0747A87D002F}.Debug|.NET.ActiveCfg = Debug|Any CPU
		{BEECB6B2-FD9D-45F4-A340-0747A87D002F}.Debug|Any CPU.ActiveCfg = Debug|Any CPU
		{BEECB6B2-FD9D-45F4-A340-0747A87D002F}.Debug|Any CPU.Build.0 = Debug|Any CPU
		{BEECB6B2-FD9D-45F4-A340-0747A87D002F}.Debug|Mixed Platforms.ActiveCfg = Debug|Any CPU
		{BEECB6B2-FD9D-45F4-A340-0747A87D002F}.Debug|Mixed Platforms.Build.0 = Debug|Any CPU
		{BEECB6B2-FD9D-45F4-A340-0747A87D002F}.Debug|Win32.ActiveCfg = Debug|Any CPU
		{BEECB6B2-FD9D-45F4-A340-0747A87D002F}.Debug|x86.ActiveCfg = Debug|Any CPU
		{BEECB6B2-FD9D-45F4-A340-0747A87D002F}.DebugNativeOnly|.NET.ActiveCfg = Debug|Any CPU
		{BEECB6B2-FD9D-45F4-A340-0747A87D002F}.DebugNativeOnly|Any CPU.ActiveCfg = Debug|Any CPU
		{BEECB6B2-FD9D-45F4-A340-0747A87D002F}.DebugNativeOnly|Any CPU.Build.0 = Debug|Any CPU
		{BEECB6B2-FD9D-45F4-A340-0747A87D002F}.DebugNativeOnly|Mixed Platforms.ActiveCfg = Debug|Any CPU
		{BEECB6B2-FD9D-45F4-A340-0747A87D002F}.DebugNativeOnly|Mixed Platforms.Build.0 = Debug|Any CPU
		{BEECB6B2-FD9D-45F4-A340-0747A87D002F}.DebugNativeOnly|Win32.ActiveCfg = Debug|Any CPU
		{BEECB6B2-FD9D-45F4-A340-0747A87D002F}.DebugNativeOnly|x86.ActiveCfg = Debug|Any CPU
		{BEECB6B2-FD9D-45F4-A340-0747A87D002F}.Release|.NET.ActiveCfg = Release|Any CPU
		{BEECB6B2-FD9D-45F4-A340-0747A87D002F}.Release|Any CPU.ActiveCfg = Release|Any CPU
		{BEECB6B2-FD9D-45F4-A340-0747A87D002F}.Release|Any CPU.Build.0 = Release|Any CPU
		{BEECB6B2-FD9D-45F4-A340-0747A87D002F}.Release|Mixed Platforms.ActiveCfg = Release|Any CPU
		{BEECB6B2-FD9D-45F4-A340-0747A87D002F}.Release|Mixed Platforms.Build.0 = Release|Any CPU
		{BEECB6B2-FD9D-45F4-A340-0747A87D002F}.Release|Win32.ActiveCfg = Release|Any CPU
		{BEECB6B2-FD9D-45F4-A340-0747A87D002F}.Release|x86.ActiveCfg = Release|Any CPU
		{BEECB6B2-FD9D-45F4-A340-0747A87D002F}.ReleaseNativeOnly|.NET.ActiveCfg = Release|Any CPU
		{BEECB6B2-FD9D-45F4-A340-0747A87D002F}.ReleaseNativeOnly|Any CPU.ActiveCfg = Release|Any CPU
		{BEECB6B2-FD9D-45F4-A340-0747A87D002F}.ReleaseNativeOnly|Any CPU.Build.0 = Release|Any CPU
		{BEECB6B2-FD9D-45F4-A340-0747A87D002F}.ReleaseNativeOnly|Mixed Platforms.ActiveCfg = Release|Any CPU
		{BEECB6B2-FD9D-45F4-A340-0747A87D002F}.ReleaseNativeOnly|Mixed Platforms.Build.0 = Release|Any CPU
		{BEECB6B2-FD9D-45F4-A340-0747A87D002F}.ReleaseNativeOnly|Win32.ActiveCfg = Release|Any CPU
		{BEECB6B2-FD9D-45F4-A340-0747A87D002F}.ReleaseNativeOnly|x86.ActiveCfg = Release|Any CPU
	EndGlobalSection
	GlobalSection(SolutionProperties) = preSolution
		HideSolutionNode = FALSE
	EndGlobalSection
	GlobalSection(SubversionScc) = preSolution
		Svn-Managed = True
		Manager = AnkhSVN - Subversion Support for Visual Studio
	EndGlobalSection
EndGlobal
